<?xml version="1.0" encoding="utf-8"?>
<Project ToolsVersion="4.0" xmlns="http://schemas.microsoft.com/developer/msbuild/2003">
  <ItemGroup>
    <ClCompile Include="src\Sandbox2D.cpp" />
    <ClCompile Include="src\Sandbox3D.cpp" />
    <ClCompile Include="src\SandboxApp.cpp" />
  </ItemGroup>
  <ItemGroup>
    <ClInclude Include="src\Sandbox2D.h" />
    <ClInclude Include="src\Sandbox3D.h" />
  </ItemGroup>
  <ItemGroup>
    <Filter Include="assets">
      <UniqueIdentifier>{ef76fb31-14a9-4f1a-abb8-21a9665f29e0}</UniqueIdentifier>
    </Filter>
  </ItemGroup>
  <ItemGroup>
    <None Include="assets\shaders\PBRShader.glsl">
      <Filter>assets</Filter>
    </None>
    <None Include="assets\shaders\lightShader.glsl">
      <Filter>assets</Filter>
    </None>
  </ItemGroup>
  <ItemGroup>
    <Image Include="assets\textures\PBRBall\albedo.png" />
    <Image Include="assets\textures\PBRBall\ao.png" />
    <Image Include="assets\textures\PBRBall\metallic.png" />
    <Image Include="assets\textures\PBRBall\normal.png" />
    <Image Include="assets\textures\PBRBall\roughness.png" />
  </ItemGroup>
</Project>