<?xml version="1.0" encoding="utf-8"?>
<Project ToolsVersion="4.0" xmlns="http://schemas.microsoft.com/developer/msbuild/2003">
  <ItemGroup>
    <Filter Include="Lotus">
      <UniqueIdentifier>{7C219D0D-E835-C5BE-B1B7-681E1D8BC1EF}</UniqueIdentifier>
    </Filter>
    <Filter Include="Lotus\Debug">
      <UniqueIdentifier>{F258110D-5E0E-8A02-E702-84D953B78006}</UniqueIdentifier>
    </Filter>
    <Filter Include="Lotus\Events">
      <UniqueIdentifier>{E0C9C6B2-CC2C-5657-75B2-8E0D61F421DA}</UniqueIdentifier>
    </Filter>
    <Filter Include="Lotus\ImGui">
      <UniqueIdentifier>{A6C36F0D-1279-E802-9B6D-E2D90722DF06}</UniqueIdentifier>
    </Filter>
    <Filter Include="Platform">
      <UniqueIdentifier>{2AC788B4-1694-E3BF-3FAD-D1672BD9184E}</UniqueIdentifier>
    </Filter>
    <Filter Include="Platform\OpenGL">
      <UniqueIdentifier>{1E7D2C1D-8A08-9AE1-9319-1DD6FF23F6E1}</UniqueIdentifier>
    </Filter>
    <Filter Include="Platform\Windows">
      <UniqueIdentifier>{64FBD71A-50F4-F66C-7926-DCF1657ED678}</UniqueIdentifier>
    </Filter>
  </ItemGroup>
  <ItemGroup>
    <ClInclude Include="src\Lotus.h" />
    <ClInclude Include="src\Lotus\Application.h">
      <Filter>Lotus</Filter>
    </ClInclude>
    <ClInclude Include="src\Lotus\Core.h">
      <Filter>Lotus</Filter>
    </ClInclude>
    <ClInclude Include="src\Lotus\Debug\Instrumentor.h">
      <Filter>Lotus\Debug</Filter>
    </ClInclude>
    <ClInclude Include="src\Lotus\EntryPoint.h">
      <Filter>Lotus</Filter>
    </ClInclude>
    <ClInclude Include="src\Lotus\Events\ApplicationEvent.h">
      <Filter>Lotus\Events</Filter>
    </ClInclude>
    <ClInclude Include="src\Lotus\Events\Event.h">
      <Filter>Lotus\Events</Filter>
    </ClInclude>
    <ClInclude Include="src\Lotus\Events\KeyEvent.h">
      <Filter>Lotus\Events</Filter>
    </ClInclude>
    <ClInclude Include="src\Lotus\Events\MouseEvent.h">
      <Filter>Lotus\Events</Filter>
    </ClInclude>
    <ClInclude Include="src\Lotus\ImGui\ImGuiLayer.h">
      <Filter>Lotus\ImGui</Filter>
    </ClInclude>
    <ClInclude Include="src\Lotus\Layer.h">
      <Filter>Lotus</Filter>
    </ClInclude>
    <ClInclude Include="src\Lotus\LayerStack.h">
      <Filter>Lotus</Filter>
    </ClInclude>
    <ClInclude Include="src\Lotus\Log.h">
      <Filter>Lotus</Filter>
    </ClInclude>
    <ClInclude Include="src\Lotus\Window.h">
      <Filter>Lotus</Filter>
    </ClInclude>
    <ClInclude Include="src\Platform\OpenGL\ImGuiOpenGLRenderer.h">
      <Filter>Platform\OpenGL</Filter>
    </ClInclude>
    <ClInclude Include="src\Platform\Windows\WindowsWindow.h">
      <Filter>Platform\Windows</Filter>
    </ClInclude>
    <ClInclude Include="src\ltpch.h" />
    <ClInclude Include="src\Lotus\Input.h" />
    <ClInclude Include="src\Platform\Windows\WindowsInput.h" />
    <ClInclude Include="src\Lotus\KeyCodes.h" />
    <ClInclude Include="src\Lotus\MouseButtonCodes.h" />
  </ItemGroup>
  <ItemGroup>
    <ClCompile Include="src\Lotus\Application.cpp">
      <Filter>Lotus</Filter>
    </ClCompile>
    <ClCompile Include="src\Lotus\ImGui\ImGuiLayer.cpp">
      <Filter>Lotus\ImGui</Filter>
    </ClCompile>
    <ClCompile Include="src\Lotus\Layer.cpp">
      <Filter>Lotus</Filter>
    </ClCompile>
    <ClCompile Include="src\Lotus\LayerStack.cpp">
      <Filter>Lotus</Filter>
    </ClCompile>
    <ClCompile Include="src\Lotus\Log.cpp">
      <Filter>Lotus</Filter>
    </ClCompile>
    <ClCompile Include="src\Platform\OpenGL\ImGuiOpenGLRenderer.cpp">
      <Filter>Platform\OpenGL</Filter>
    </ClCompile>
    <ClCompile Include="src\Platform\Windows\WindowsWindow.cpp">
      <Filter>Platform\Windows</Filter>
    </ClCompile>
    <ClCompile Include="src\ltpch.cpp" />
    <ClCompile Include="src\Platform\Windows\WindowsInput.cpp" />
  </ItemGroup>
</Project>