<?xml version="1.0" encoding="utf-8"?>
<Project ToolsVersion="4.0" xmlns="http://schemas.microsoft.com/developer/msbuild/2003">
  <ItemGroup>
    <Filter Include="Lotus">
      <UniqueIdentifier>{7C219D0D-E835-C5BE-B1B7-681E1D8BC1EF}</UniqueIdentifier>
    </Filter>
    <Filter Include="Lotus\Debug">
      <UniqueIdentifier>{F258110D-5E0E-8A02-E702-84D953B78006}</UniqueIdentifier>
    </Filter>
    <Filter Include="Lotus\Events">
      <UniqueIdentifier>{E0C9C6B2-CC2C-5657-75B2-8E0D61F421DA}</UniqueIdentifier>
    </Filter>
  </ItemGroup>
  <ItemGroup>
    <ClInclude Include="src\Lotus.h" />
    <ClInclude Include="src\Lotus\Application.h">
      <Filter>Lotus</Filter>
    </ClInclude>
    <ClInclude Include="src\Lotus\Core.h">
      <Filter>Lotus</Filter>
    </ClInclude>
    <ClInclude Include="src\Lotus\Debug\Instrumentor.h">
      <Filter>Lotus\Debug</Filter>
    </ClInclude>
    <ClInclude Include="src\Lotus\EntryPoint.h">
      <Filter>Lotus</Filter>
    </ClInclude>
    <ClInclude Include="src\Lotus\Events\ApplicationEvent.h">
      <Filter>Lotus\Events</Filter>
    </ClInclude>
    <ClInclude Include="src\Lotus\Events\Event.h">
      <Filter>Lotus\Events</Filter>
    </ClInclude>
    <ClInclude Include="src\Lotus\Events\KeyEvent.h">
      <Filter>Lotus\Events</Filter>
    </ClInclude>
    <ClInclude Include="src\Lotus\Events\MouseEvent.h">
      <Filter>Lotus\Events</Filter>
    </ClInclude>
    <ClInclude Include="src\Lotus\Log.h">
      <Filter>Lotus</Filter>
    </ClInclude>
  </ItemGroup>
  <ItemGroup>
    <ClCompile Include="src\Lotus\Application.cpp">
      <Filter>Lotus</Filter>
    </ClCompile>
    <ClCompile Include="src\Lotus\Log.cpp">
      <Filter>Lotus</Filter>
    </ClCompile>
  </ItemGroup>
</Project>